// !$*UTF8*$!
{
	archiveVersion = 1;
	classes = {
	};
	objectVersion = 50;
	objects = {

/* Begin PBXBuildFile section */
		527953BE24602CED00A1298E /* AppDelegate.swift in Sources */ = {isa = PBXBuildFile; fileRef = 527953BD24602CED00A1298E /* AppDelegate.swift */; };
		527953C024602CED00A1298E /* SceneDelegate.swift in Sources */ = {isa = PBXBuildFile; fileRef = 527953BF24602CED00A1298E /* SceneDelegate.swift */; };
		527953C224602CED00A1298E /* ViewController.swift in Sources */ = {isa = PBXBuildFile; fileRef = 527953C124602CED00A1298E /* ViewController.swift */; };
		527953C524602CED00A1298E /* Main.storyboard in Resources */ = {isa = PBXBuildFile; fileRef = 527953C324602CED00A1298E /* Main.storyboard */; };
		527953C724602CF200A1298E /* Assets.xcassets in Resources */ = {isa = PBXBuildFile; fileRef = 527953C624602CF200A1298E /* Assets.xcassets */; };
		527953CA24602CF200A1298E /* LaunchScreen.storyboard in Resources */ = {isa = PBXBuildFile; fileRef = 527953C824602CF200A1298E /* LaunchScreen.storyboard */; };
		527953D224602F1C00A1298E /* PersonCell.swift in Sources */ = {isa = PBXBuildFile; fileRef = 527953D124602F1C00A1298E /* PersonCell.swift */; };
		527953D4246187D800A1298E /* Person.swift in Sources */ = {isa = PBXBuildFile; fileRef = 527953D3246187D800A1298E /* Person.swift */; };
/* End PBXBuildFile section */

/* Begin PBXFileReference section */
		527953BA24602CED00A1298E /* Project10.app */ = {isa = PBXFileReference; explicitFileType = wrapper.application; includeInIndex = 0; path = Project10.app; sourceTree = BUILT_PRODUCTS_DIR; };
		527953BD24602CED00A1298E /* AppDelegate.swift */ = {isa = PBXFileReference; lastKnownFileType = sourcecode.swift; path = AppDelegate.swift; sourceTree = "<group>"; };
		527953BF24602CED00A1298E /* SceneDelegate.swift */ = {isa = PBXFileReference; lastKnownFileType = sourcecode.swift; path = SceneDelegate.swift; sourceTree = "<group>"; };
		527953C124602CED00A1298E /* ViewController.swift */ = {isa = PBXFileReference; lastKnownFileType = sourcecode.swift; path = ViewController.swift; sourceTree = "<group>"; };
		527953C424602CED00A1298E /* Base */ = {isa = PBXFileReference; lastKnownFileType = file.storyboard; name = Base; path = Base.lproj/Main.storyboard; sourceTree = "<group>"; };
		527953C624602CF200A1298E /* Assets.xcassets */ = {isa = PBXFileReference; lastKnownFileType = folder.assetcatalog; path = Assets.xcassets; sourceTree = "<group>"; };
		527953C924602CF200A1298E /* Base */ = {isa = PBXFileReference; lastKnownFileType = file.storyboard; name = Base; path = Base.lproj/LaunchScreen.storyboard; sourceTree = "<group>"; };
		527953CB24602CF200A1298E /* Info.plist */ = {isa = PBXFileReference; lastKnownFileType = text.plist.xml; path = Info.plist; sourceTree = "<group>"; };
		527953D124602F1C00A1298E /* PersonCell.swift */ = {isa = PBXFileReference; lastKnownFileType = sourcecode.swift; path = PersonCell.swift; sourceTree = "<group>"; };
		527953D3246187D800A1298E /* Person.swift */ = {isa = PBXFileReference; lastKnownFileType = sourcecode.swift; path = Person.swift; sourceTree = "<group>"; };
/* End PBXFileReference section */

/* Begin PBXFrameworksBuildPhase section */
		527953B724602CED00A1298E /* Frameworks */ = {
			isa = PBXFrameworksBuildPhase;
			buildActionMask = 2147483647;
			files = (
			);
			runOnlyForDeploymentPostprocessing = 0;
		};
/* End PBXFrameworksBuildPhase section */

/* Begin PBXGroup section */
		527953B124602CED00A1298E = {
			isa = PBXGroup;
			children = (
				527953BC24602CED00A1298E /* Project10 */,
				527953BB24602CED00A1298E /* Products */,
			);
			sourceTree = "<group>";
		};
		527953BB24602CED00A1298E /* Products */ = {
			isa = PBXGroup;
			children = (
				527953BA24602CED00A1298E /* Project10.app */,
			);
			name = Products;
			sourceTree = "<group>";
		};
		527953BC24602CED00A1298E /* Project10 */ = {
			isa = PBXGroup;
			children = (
				527953BD24602CED00A1298E /* AppDelegate.swift */,
				527953BF24602CED00A1298E /* SceneDelegate.swift */,
				527953C124602CED00A1298E /* ViewController.swift */,
				527953D3246187D800A1298E /* Person.swift */,
				527953C324602CED00A1298E /* Main.storyboard */,
				527953D124602F1C00A1298E /* PersonCell.swift */,
				527953C624602CF200A1298E /* Assets.xcassets */,
				527953C824602CF200A1298E /* LaunchScreen.storyboard */,
				527953CB24602CF200A1298E /* Info.plist */,
			);
			path = Project10;
			sourceTree = "<group>";
		};
/* End PBXGroup section */

/* Begin PBXNativeTarget section */
		527953B924602CED00A1298E /* Project10 */ = {
			isa = PBXNativeTarget;
			buildConfigurationList = 527953CE24602CF200A1298E /* Build configuration list for PBXNativeTarget "Project10" */;
			buildPhases = (
				527953B624602CED00A1298E /* Sources */,
				527953B724602CED00A1298E /* Frameworks */,
				527953B824602CED00A1298E /* Resources */,
			);
			buildRules = (
			);
			dependencies = (
			);
			name = Project10;
			productName = Project10;
			productReference = 527953BA24602CED00A1298E /* Project10.app */;
			productType = "com.apple.product-type.application";
		};
/* End PBXNativeTarget section */

/* Begin PBXProject section */
		527953B224602CED00A1298E /* Project object */ = {
			isa = PBXProject;
			attributes = {
				LastSwiftUpdateCheck = 1140;
				LastUpgradeCheck = 1140;
				ORGANIZATIONNAME = test;
				TargetAttributes = {
					527953B924602CED00A1298E = {
						CreatedOnToolsVersion = 11.4.1;
					};
				};
			};
			buildConfigurationList = 527953B524602CED00A1298E /* Build configuration list for PBXProject "Project10" */;
			compatibilityVersion = "Xcode 9.3";
			developmentRegion = en;
			hasScannedForEncodings = 0;
			knownRegions = (
				en,
				Base,
			);
			mainGroup = 527953B124602CED00A1298E;
			productRefGroup = 527953BB24602CED00A1298E /* Products */;
			projectDirPath = "";
			projectRoot = "";
			targets = (
				527953B924602CED00A1298E /* Project10 */,
			);
		};
/* End PBXProject section */

/* Begin PBXResourcesBuildPhase section */
		527953B824602CED00A1298E /* Resources */ = {
			isa = PBXResourcesBuildPhase;
			buildActionMask = 2147483647;
			files = (
				527953CA24602CF200A1298E /* LaunchScreen.storyboard in Resources */,
				527953C724602CF200A1298E /* Assets.xcassets in Resources */,
				527953C524602CED00A1298E /* Main.storyboard in Resources */,
			);
			runOnlyForDeploymentPostprocessing = 0;
		};
/* End PBXResourcesBuildPhase section */

/* Begin PBXSourcesBuildPhase section */
		527953B624602CED00A1298E /* Sources */ = {
			isa = PBXSourcesBuildPhase;
			buildActionMask = 2147483647;
			files = (
				527953D4246187D800A1298E /* Person.swift in Sources */,
				527953C224602CED00A1298E /* ViewController.swift in Sources */,
				527953BE24602CED00A1298E /* AppDelegate.swift in Sources */,
				527953D224602F1C00A1298E /* PersonCell.swift in Sources */,
				527953C024602CED00A1298E /* SceneDelegate.swift in Sources */,
			);
			runOnlyForDeploymentPostprocessing = 0;
		};
/* End PBXSourcesBuildPhase section */

/* Begin PBXVariantGroup section */
		527953C324602CED00A1298E /* Main.storyboard */ = {
			isa = PBXVariantGroup;
			children = (
				527953C424602CED00A1298E /* Base */,
			);
			name = Main.storyboard;
			sourceTree = "<group>";
		};
		527953C824602CF200A1298E /* LaunchScreen.storyboard */ = {
			isa = PBXVariantGroup;
			children = (
				527953C924602CF200A1298E /* Base */,
			);
			name = LaunchScreen.storyboard;
			sourceTree = "<group>";
		};
/* End PBXVariantGroup section */

/* Begin XCBuildConfiguration section */
		527953CC24602CF200A1298E /* Debug */ = {
			isa = XCBuildConfiguration;
			buildSettings = {
				ALWAYS_SEARCH_USER_PATHS = NO;
				CLANG_ANALYZER_NONNULL = YES;
				CLANG_ANALYZER_NUMBER_OBJECT_CONVERSION = YES_AGGRESSIVE;
				CLANG_CXX_LANGUAGE_STANDARD = "gnu++14";
				CLANG_CXX_LIBRARY = "libc++";
				CLANG_ENABLE_MODULES = YES;
				CLANG_ENABLE_OBJC_ARC = YES;
				CLANG_ENABLE_OBJC_WEAK = YES;
				CLANG_WARN_BLOCK_CAPTURE_AUTORELEASING = YES;
				CLANG_WARN_BOOL_CONVERSION = YES;
				CLANG_WARN_COMMA = YES;
				CLANG_WARN_CONSTANT_CONVERSION = YES;
				CLANG_WARN_DEPRECATED_OBJC_IMPLEMENTATIONS = YES;
				CLANG_WARN_DIRECT_OBJC_ISA_USAGE = YES_ERROR;
				CLANG_WARN_DOCUMENTATION_COMMENTS = YES;
				CLANG_WARN_EMPTY_BODY = YES;
				CLANG_WARN_ENUM_CONVERSION = YES;
				CLANG_WARN_INFINITE_RECURSION = YES;
				CLANG_WARN_INT_CONVERSION = YES;
				CLANG_WARN_NON_LITERAL_NULL_CONVERSION = YES;
				CLANG_WARN_OBJC_IMPLICIT_RETAIN_SELF = YES;
				CLANG_WARN_OBJC_LITERAL_CONVERSION = YES;
				CLANG_WARN_OBJC_ROOT_CLASS = YES_ERROR;
				CLANG_WARN_RANGE_LOOP_ANALYSIS = YES;
				CLANG_WARN_STRICT_PROTOTYPES = YES;
				CLANG_WARN_SUSPICIOUS_MOVE = YES;
				CLANG_WARN_UNGUARDED_AVAILABILITY = YES_AGGRESSIVE;
				CLANG_WARN_UNREACHABLE_CODE = YES;
				CLANG_WARN__DUPLICATE_METHOD_MATCH = YES;
				COPY_PHASE_STRIP = NO;
				DEBUG_INFORMATION_FORMAT = dwarf;
				ENABLE_STRICT_OBJC_MSGSEND = YES;
				ENABLE_TESTABILITY = YES;
				GCC_C_LANGUAGE_STANDARD = gnu11;
				GCC_DYNAMIC_NO_PIC = NO;
				GCC_NO_COMMON_BLOCKS = YES;
				GCC_OPTIMIZATION_LEVEL = 0;
				GCC_PREPROCESSOR_DEFINITIONS = (
					"DEBUG=1",
					"$(inherited)",
				);
				GCC_WARN_64_TO_32_BIT_CONVERSION = YES;
				GCC_WARN_ABOUT_RETURN_TYPE = YES_ERROR;
				GCC_WARN_UNDECLARED_SELECTOR = YES;
				GCC_WARN_UNINITIALIZED_AUTOS = YES_AGGRESSIVE;
				GCC_WARN_UNUSED_FUNCTION = YES;
				GCC_WARN_UNUSED_VARIABLE = YES;
				IPHONEOS_DEPLOYMENT_TARGET = 13.4;
				MTL_ENABLE_DEBUG_INFO = INCLUDE_SOURCE;
				MTL_FAST_MATH = YES;
				ONLY_ACTIVE_ARCH = YES;
				SDKROOT = iphoneos;
				SWIFT_ACTIVE_COMPILATION_CONDITIONS = DEBUG;
				SWIFT_OPTIMIZATION_LEVEL = "-Onone";
			};
			name = Debug;
		};
		527953CD24602CF200A1298E /* Release */ = {
			isa = XCBuildConfiguration;
			buildSettings = {
				ALWAYS_SEARCH_USER_PATHS = NO;
				CLANG_ANALYZER_NONNULL = YES;
				CLANG_ANALYZER_NUMBER_OBJECT_CONVERSION = YES_AGGRESSIVE;
				CLANG_CXX_LANGUAGE_STANDARD = "gnu++14";
				CLANG_CXX_LIBRARY = "libc++";
				CLANG_ENABLE_MODULES = YES;
				CLANG_ENABLE_OBJC_ARC = YES;
				CLANG_ENABLE_OBJC_WEAK = YES;
				CLANG_WARN_BLOCK_CAPTURE_AUTORELEASING = YES;
				CLANG_WARN_BOOL_CONVERSION = YES;
				CLANG_WARN_COMMA = YES;
				CLANG_WARN_CONSTANT_CONVERSION = YES;
				CLANG_WARN_DEPRECATED_OBJC_IMPLEMENTATIONS = YES;
				CLANG_WARN_DIRECT_OBJC_ISA_USAGE = YES_ERROR;
				CLANG_WARN_DOCUMENTATION_COMMENTS = YES;
				CLANG_WARN_EMPTY_BODY = YES;
				CLANG_WARN_ENUM_CONVERSION = YES;
				CLANG_WARN_INFINITE_RECURSION = YES;
				CLANG_WARN_INT_CONVERSION = YES;
				CLANG_WARN_NON_LITERAL_NULL_CONVERSION = YES;
				CLANG_WARN_OBJC_IMPLICIT_RETAIN_SELF = YES;
				CLANG_WARN_OBJC_LITERAL_CONVERSION = YES;
				CLANG_WARN_OBJC_ROOT_CLASS = YES_ERROR;
				CLANG_WARN_RANGE_LOOP_ANALYSIS = YES;
				CLANG_WARN_STRICT_PROTOTYPES = YES;
				CLANG_WARN_SUSPICIOUS_MOVE = YES;
				CLANG_WARN_UNGUARDED_AVAILABILITY = YES_AGGRESSIVE;
				CLANG_WARN_UNREACHABLE_CODE = YES;
				CLANG_WARN__DUPLICATE_METHOD_MATCH = YES;
				COPY_PHASE_STRIP = NO;
				DEBUG_INFORMATION_FORMAT = "dwarf-with-dsym";
				ENABLE_NS_ASSERTIONS = NO;
				ENABLE_STRICT_OBJC_MSGSEND = YES;
				GCC_C_LANGUAGE_STANDARD = gnu11;
				GCC_NO_COMMON_BLOCKS = YES;
				GCC_WARN_64_TO_32_BIT_CONVERSION = YES;
				GCC_WARN_ABOUT_RETURN_TYPE = YES_ERROR;
				GCC_WARN_UNDECLARED_SELECTOR = YES;
				GCC_WARN_UNINITIALIZED_AUTOS = YES_AGGRESSIVE;
				GCC_WARN_UNUSED_FUNCTION = YES;
				GCC_WARN_UNUSED_VARIABLE = YES;
				IPHONEOS_DEPLOYMENT_TARGET = 13.4;
				MTL_ENABLE_DEBUG_INFO = NO;
				MTL_FAST_MATH = YES;
				SDKROOT = iphoneos;
				SWIFT_COMPILATION_MODE = wholemodule;
				SWIFT_OPTIMIZATION_LEVEL = "-O";
				VALIDATE_PRODUCT = YES;
			};
			name = Release;
		};
		527953CF24602CF200A1298E /* Debug */ = {
			isa = XCBuildConfiguration;
			buildSettings = {
				ASSETCATALOG_COMPILER_APPICON_NAME = AppIcon;
				CODE_SIGN_STYLE = Automatic;
				INFOPLIST_FILE = Project10/Info.plist;
				LD_RUNPATH_SEARCH_PATHS = (
					"$(inherited)",
					"@executable_path/Frameworks",
				);
				PRODUCT_BUNDLE_IDENTIFIER = com.example.Project10;
				PRODUCT_NAME = "$(TARGET_NAME)";
				SWIFT_VERSION = 5.0;
				TARGETED_DEVICE_FAMILY = "1,2";
			};
			name = Debug;
		};
		527953D024602CF200A1298E /* Release */ = {
			isa = XCBuildConfiguration;
			buildSettings = {
				ASSETCATALOG_COMPILER_APPICON_NAME = AppIcon;
				CODE_SIGN_STYLE = Automatic;
				INFOPLIST_FILE = Project10/Info.plist;
				LD_RUNPATH_SEARCH_PATHS = (
					"$(inherited)",
					"@executable_path/Frameworks",
				);
				PRODUCT_BUNDLE_IDENTIFIER = com.example.Project10;
				PRODUCT_NAME = "$(TARGET_NAME)";
				SWIFT_VERSION = 5.0;
				TARGETED_DEVICE_FAMILY = "1,2";
			};
			name = Release;
		};
/* End XCBuildConfiguration section */

/* Begin XCConfigurationList section */
		527953B524602CED00A1298E /* Build configuration list for PBXProject "Project10" */ = {
			isa = XCConfigurationList;
			buildConfigurations = (
				527953CC24602CF200A1298E /* Debug */,
				527953CD24602CF200A1298E /* Release */,
			);
			defaultConfigurationIsVisible = 0;
			defaultConfigurationName = Release;
		};
		527953CE24602CF200A1298E /* Build configuration list for PBXNativeTarget "Project10" */ = {
			isa = XCConfigurationList;
			buildConfigurations = (
				527953CF24602CF200A1298E /* Debug */,
				527953D024602CF200A1298E /* Release */,
			);
			defaultConfigurationIsVisible = 0;
			defaultConfigurationName = Release;
		};
/* End XCConfigurationList section */
	};
	rootObject = 527953B224602CED00A1298E /* Project object */;
}
